// !$*UTF8*$!
{
	archiveVersion = 1;
	classes = {
	};
	objectVersion = 50;
	objects = {

/* Begin PBXBuildFile section */
		444A2B2959E86DC09FFD4E76 /* Pods_DevsignNavigationTransitions.framework in Frameworks */ = {isa = PBXBuildFile; fileRef = 0388E4988AC4A745C27AD9C9 /* Pods_DevsignNavigationTransitions.framework */; };
		9312A4DF229367A600F7E9B9 /* LocketNavigationController.swift in Sources */ = {isa = PBXBuildFile; fileRef = 9312A4DE229367A600F7E9B9 /* LocketNavigationController.swift */; };
		9312A4E1229367FF00F7E9B9 /* PhotoDetailViewController.swift in Sources */ = {isa = PBXBuildFile; fileRef = 9312A4E0229367FF00F7E9B9 /* PhotoDetailViewController.swift */; };
		9312A4E32293682F00F7E9B9 /* PhotoDetailTransition.swift in Sources */ = {isa = PBXBuildFile; fileRef = 9312A4E22293682F00F7E9B9 /* PhotoDetailTransition.swift */; };
		9312A4E52293687400F7E9B9 /* LocketTabBarController.swift in Sources */ = {isa = PBXBuildFile; fileRef = 9312A4E42293687400F7E9B9 /* LocketTabBarController.swift */; };
		932EA9D72295DA68006BF679 /* Assets.xcassets in Resources */ = {isa = PBXBuildFile; fileRef = 932EA9D62295DA68006BF679 /* Assets.xcassets */; };
		93544E3E22948EAA00DA8B0A /* PhotoGridCell.swift in Sources */ = {isa = PBXBuildFile; fileRef = 93544E3D22948EAA00DA8B0A /* PhotoGridCell.swift */; };
		93544E402294A83300DA8B0A /* CG Helpers.swift in Sources */ = {isa = PBXBuildFile; fileRef = 93544E3F2294A83300DA8B0A /* CG Helpers.swift */; };
		937031202281E44B00A930D8 /* AppDelegate.swift in Sources */ = {isa = PBXBuildFile; fileRef = 9370311F2281E44B00A930D8 /* AppDelegate.swift */; };
		9370312A2281E44C00A930D8 /* LaunchScreen.storyboard in Resources */ = {isa = PBXBuildFile; fileRef = 937031282281E44C00A930D8 /* LaunchScreen.storyboard */; };
		937031322281E48C00A930D8 /* RootViewController.swift in Sources */ = {isa = PBXBuildFile; fileRef = 937031312281E48C00A930D8 /* RootViewController.swift */; };
		937031342281E51800A930D8 /* OnThisDayViewController.swift in Sources */ = {isa = PBXBuildFile; fileRef = 937031332281E51800A930D8 /* OnThisDayViewController.swift */; };
		937031362281E53A00A930D8 /* PhotoGridViewController.swift in Sources */ = {isa = PBXBuildFile; fileRef = 937031352281E53A00A930D8 /* PhotoGridViewController.swift */; };
		9370313A2281EB4100A930D8 /* ModalCardViewController.swift in Sources */ = {isa = PBXBuildFile; fileRef = 937031392281EB4100A930D8 /* ModalCardViewController.swift */; };
/* End PBXBuildFile section */

/* Begin PBXFileReference section */
		0388E4988AC4A745C27AD9C9 /* Pods_DevsignNavigationTransitions.framework */ = {isa = PBXFileReference; explicitFileType = wrapper.framework; includeInIndex = 0; path = Pods_DevsignNavigationTransitions.framework; sourceTree = BUILT_PRODUCTS_DIR; };
		04F567695FE130465F372EAC /* Pods-DevsignNavigationTransitions.debug.xcconfig */ = {isa = PBXFileReference; includeInIndex = 1; lastKnownFileType = text.xcconfig; name = "Pods-DevsignNavigationTransitions.debug.xcconfig"; path = "Pods/Target Support Files/Pods-DevsignNavigationTransitions/Pods-DevsignNavigationTransitions.debug.xcconfig"; sourceTree = "<group>"; };
		7A711B2D966A519EAFF39B13 /* Pods-DevsignNavigationTransitions.release.xcconfig */ = {isa = PBXFileReference; includeInIndex = 1; lastKnownFileType = text.xcconfig; name = "Pods-DevsignNavigationTransitions.release.xcconfig"; path = "Pods/Target Support Files/Pods-DevsignNavigationTransitions/Pods-DevsignNavigationTransitions.release.xcconfig"; sourceTree = "<group>"; };
		9312A4DE229367A600F7E9B9 /* LocketNavigationController.swift */ = {isa = PBXFileReference; lastKnownFileType = sourcecode.swift; path = LocketNavigationController.swift; sourceTree = "<group>"; };
		9312A4E0229367FF00F7E9B9 /* PhotoDetailViewController.swift */ = {isa = PBXFileReference; lastKnownFileType = sourcecode.swift; path = PhotoDetailViewController.swift; sourceTree = "<group>"; };
		9312A4E22293682F00F7E9B9 /* PhotoDetailTransition.swift */ = {isa = PBXFileReference; lastKnownFileType = sourcecode.swift; path = PhotoDetailTransition.swift; sourceTree = "<group>"; };
		9312A4E42293687400F7E9B9 /* LocketTabBarController.swift */ = {isa = PBXFileReference; lastKnownFileType = sourcecode.swift; path = LocketTabBarController.swift; sourceTree = "<group>"; };
		932EA9D62295DA68006BF679 /* Assets.xcassets */ = {isa = PBXFileReference; lastKnownFileType = folder.assetcatalog; path = Assets.xcassets; sourceTree = "<group>"; };
		93544E3D22948EAA00DA8B0A /* PhotoGridCell.swift */ = {isa = PBXFileReference; lastKnownFileType = sourcecode.swift; path = PhotoGridCell.swift; sourceTree = "<group>"; };
		93544E3F2294A83300DA8B0A /* CG Helpers.swift */ = {isa = PBXFileReference; lastKnownFileType = sourcecode.swift; path = "CG Helpers.swift"; sourceTree = "<group>"; };
		9370311C2281E44B00A930D8 /* DevsignNavigationTransitions.app */ = {isa = PBXFileReference; explicitFileType = wrapper.application; includeInIndex = 0; path = DevsignNavigationTransitions.app; sourceTree = BUILT_PRODUCTS_DIR; };
		9370311F2281E44B00A930D8 /* AppDelegate.swift */ = {isa = PBXFileReference; lastKnownFileType = sourcecode.swift; path = AppDelegate.swift; sourceTree = "<group>"; };
		937031292281E44C00A930D8 /* Base */ = {isa = PBXFileReference; lastKnownFileType = file.storyboard; name = Base; path = Base.lproj/LaunchScreen.storyboard; sourceTree = "<group>"; };
		9370312B2281E44C00A930D8 /* Info.plist */ = {isa = PBXFileReference; lastKnownFileType = text.plist.xml; path = Info.plist; sourceTree = "<group>"; };
		937031312281E48C00A930D8 /* RootViewController.swift */ = {isa = PBXFileReference; lastKnownFileType = sourcecode.swift; path = RootViewController.swift; sourceTree = "<group>"; };
		937031332281E51800A930D8 /* OnThisDayViewController.swift */ = {isa = PBXFileReference; lastKnownFileType = sourcecode.swift; path = OnThisDayViewController.swift; sourceTree = "<group>"; };
		937031352281E53A00A930D8 /* PhotoGridViewController.swift */ = {isa = PBXFileReference; lastKnownFileType = sourcecode.swift; path = PhotoGridViewController.swift; sourceTree = "<group>"; };
		937031392281EB4100A930D8 /* ModalCardViewController.swift */ = {isa = PBXFileReference; lastKnownFileType = sourcecode.swift; path = ModalCardViewController.swift; sourceTree = "<group>"; };
/* End PBXFileReference section */

/* Begin PBXFrameworksBuildPhase section */
		937031192281E44B00A930D8 /* Frameworks */ = {
			isa = PBXFrameworksBuildPhase;
			buildActionMask = 2147483647;
			files = (
				444A2B2959E86DC09FFD4E76 /* Pods_DevsignNavigationTransitions.framework in Frameworks */,
			);
			runOnlyForDeploymentPostprocessing = 0;
		};
/* End PBXFrameworksBuildPhase section */

/* Begin PBXGroup section */
		937031132281E44B00A930D8 = {
			isa = PBXGroup;
			children = (
				9370311E2281E44B00A930D8 /* DevsignNavigationTransitions */,
				9370311D2281E44B00A930D8 /* Products */,
				C4054D8FD5012CCA72804F01 /* Pods */,
				9BA25886E88F74952F0525A1 /* Frameworks */,
			);
			sourceTree = "<group>";
		};
		9370311D2281E44B00A930D8 /* Products */ = {
			isa = PBXGroup;
			children = (
				9370311C2281E44B00A930D8 /* DevsignNavigationTransitions.app */,
			);
			name = Products;
			sourceTree = "<group>";
		};
		9370311E2281E44B00A930D8 /* DevsignNavigationTransitions */ = {
			isa = PBXGroup;
			children = (
				9370311F2281E44B00A930D8 /* AppDelegate.swift */,
				937031312281E48C00A930D8 /* RootViewController.swift */,
				937031372281E90600A930D8 /* Complex Transition */,
				937031382281E91100A930D8 /* Simple Transition */,
				937031282281E44C00A930D8 /* LaunchScreen.storyboard */,
				9370312B2281E44C00A930D8 /* Info.plist */,
				932EA9D62295DA68006BF679 /* Assets.xcassets */,
			);
			path = DevsignNavigationTransitions;
			sourceTree = "<group>";
		};
		937031372281E90600A930D8 /* Complex Transition */ = {
			isa = PBXGroup;
			children = (
				937031352281E53A00A930D8 /* PhotoGridViewController.swift */,
				9312A4E0229367FF00F7E9B9 /* PhotoDetailViewController.swift */,
				9312A4DE229367A600F7E9B9 /* LocketNavigationController.swift */,
				9312A4E22293682F00F7E9B9 /* PhotoDetailTransition.swift */,
				9312A4E42293687400F7E9B9 /* LocketTabBarController.swift */,
				93544E3D22948EAA00DA8B0A /* PhotoGridCell.swift */,
				93544E3F2294A83300DA8B0A /* CG Helpers.swift */,
			);
			path = "Complex Transition";
			sourceTree = "<group>";
		};
		937031382281E91100A930D8 /* Simple Transition */ = {
			isa = PBXGroup;
			children = (
				937031332281E51800A930D8 /* OnThisDayViewController.swift */,
				937031392281EB4100A930D8 /* ModalCardViewController.swift */,
			);
			path = "Simple Transition";
			sourceTree = "<group>";
		};
		9BA25886E88F74952F0525A1 /* Frameworks */ = {
			isa = PBXGroup;
			children = (
				0388E4988AC4A745C27AD9C9 /* Pods_DevsignNavigationTransitions.framework */,
			);
			name = Frameworks;
			sourceTree = "<group>";
		};
		C4054D8FD5012CCA72804F01 /* Pods */ = {
			isa = PBXGroup;
			children = (
				04F567695FE130465F372EAC /* Pods-DevsignNavigationTransitions.debug.xcconfig */,
				7A711B2D966A519EAFF39B13 /* Pods-DevsignNavigationTransitions.release.xcconfig */,
			);
			name = Pods;
			sourceTree = "<group>";
		};
/* End PBXGroup section */

/* Begin PBXNativeTarget section */
		9370311B2281E44B00A930D8 /* DevsignNavigationTransitions */ = {
			isa = PBXNativeTarget;
			buildConfigurationList = 9370312E2281E44C00A930D8 /* Build configuration list for PBXNativeTarget "DevsignNavigationTransitions" */;
			buildPhases = (
				B1A6D58E93E5466EEA5F99EF /* [CP] Check Pods Manifest.lock */,
				937031182281E44B00A930D8 /* Sources */,
				937031192281E44B00A930D8 /* Frameworks */,
				9370311A2281E44B00A930D8 /* Resources */,
				AC3BF4B95FABD5C173C258B1 /* [CP] Embed Pods Frameworks */,
			);
			buildRules = (
			);
			dependencies = (
			);
			name = DevsignNavigationTransitions;
			productName = DevsignNavigationTransitions;
			productReference = 9370311C2281E44B00A930D8 /* DevsignNavigationTransitions.app */;
			productType = "com.apple.product-type.application";
		};
/* End PBXNativeTarget section */

/* Begin PBXProject section */
		937031142281E44B00A930D8 /* Project object */ = {
			isa = PBXProject;
			attributes = {
				LastSwiftUpdateCheck = 1020;
				LastUpgradeCheck = 1020;
				ORGANIZATIONNAME = "Bryan Clark";
				TargetAttributes = {
					9370311B2281E44B00A930D8 = {
						CreatedOnToolsVersion = 10.2.1;
					};
				};
			};
			buildConfigurationList = 937031172281E44B00A930D8 /* Build configuration list for PBXProject "DevsignNavigationTransitions" */;
			compatibilityVersion = "Xcode 9.3";
			developmentRegion = en;
			hasScannedForEncodings = 0;
			knownRegions = (
				en,
				Base,
			);
			mainGroup = 937031132281E44B00A930D8;
			productRefGroup = 9370311D2281E44B00A930D8 /* Products */;
			projectDirPath = "";
			projectRoot = "";
			targets = (
				9370311B2281E44B00A930D8 /* DevsignNavigationTransitions */,
			);
		};
/* End PBXProject section */

/* Begin PBXResourcesBuildPhase section */
		9370311A2281E44B00A930D8 /* Resources */ = {
			isa = PBXResourcesBuildPhase;
			buildActionMask = 2147483647;
			files = (
				932EA9D72295DA68006BF679 /* Assets.xcassets in Resources */,
				9370312A2281E44C00A930D8 /* LaunchScreen.storyboard in Resources */,
			);
			runOnlyForDeploymentPostprocessing = 0;
		};
/* End PBXResourcesBuildPhase section */

/* Begin PBXShellScriptBuildPhase section */
		AC3BF4B95FABD5C173C258B1 /* [CP] Embed Pods Frameworks */ = {
			isa = PBXShellScriptBuildPhase;
			buildActionMask = 2147483647;
			files = (
			);
			inputFileListPaths = (
			);
			inputPaths = (
				"${SRCROOT}/Pods/Target Support Files/Pods-DevsignNavigationTransitions/Pods-DevsignNavigationTransitions-frameworks.sh",
				"${BUILT_PRODUCTS_DIR}/Cartography/Cartography.framework",
				"${BUILT_PRODUCTS_DIR}/SwiftTweaks/SwiftTweaks.framework",
			);
			name = "[CP] Embed Pods Frameworks";
			outputFileListPaths = (
			);
			outputPaths = (
				"${TARGET_BUILD_DIR}/${FRAMEWORKS_FOLDER_PATH}/Cartography.framework",
				"${TARGET_BUILD_DIR}/${FRAMEWORKS_FOLDER_PATH}/SwiftTweaks.framework",
			);
			runOnlyForDeploymentPostprocessing = 0;
			shellPath = /bin/sh;
			shellScript = "\"${SRCROOT}/Pods/Target Support Files/Pods-DevsignNavigationTransitions/Pods-DevsignNavigationTransitions-frameworks.sh\"\n";
			showEnvVarsInLog = 0;
		};
		B1A6D58E93E5466EEA5F99EF /* [CP] Check Pods Manifest.lock */ = {
			isa = PBXShellScriptBuildPhase;
			buildActionMask = 2147483647;
			files = (
			);
			inputFileListPaths = (
			);
			inputPaths = (
				"${PODS_PODFILE_DIR_PATH}/Podfile.lock",
				"${PODS_ROOT}/Manifest.lock",
			);
			name = "[CP] Check Pods Manifest.lock";
			outputFileListPaths = (
			);
			outputPaths = (
				"$(DERIVED_FILE_DIR)/Pods-DevsignNavigationTransitions-checkManifestLockResult.txt",
			);
			runOnlyForDeploymentPostprocessing = 0;
			shellPath = /bin/sh;
			shellScript = "diff \"${PODS_PODFILE_DIR_PATH}/Podfile.lock\" \"${PODS_ROOT}/Manifest.lock\" > /dev/null\nif [ $? != 0 ] ; then\n    # print error to STDERR\n    echo \"error: The sandbox is not in sync with the Podfile.lock. Run 'pod install' or update your CocoaPods installation.\" >&2\n    exit 1\nfi\n# This output is used by Xcode 'outputs' to avoid re-running this script phase.\necho \"SUCCESS\" > \"${SCRIPT_OUTPUT_FILE_0}\"\n";
			showEnvVarsInLog = 0;
		};
/* End PBXShellScriptBuildPhase section */

/* Begin PBXSourcesBuildPhase section */
		937031182281E44B00A930D8 /* Sources */ = {
			isa = PBXSourcesBuildPhase;
			buildActionMask = 2147483647;
			files = (
				937031362281E53A00A930D8 /* PhotoGridViewController.swift in Sources */,
				9370313A2281EB4100A930D8 /* ModalCardViewController.swift in Sources */,
				9312A4E32293682F00F7E9B9 /* PhotoDetailTransition.swift in Sources */,
				937031202281E44B00A930D8 /* AppDelegate.swift in Sources */,
				93544E3E22948EAA00DA8B0A /* PhotoGridCell.swift in Sources */,
				9312A4E1229367FF00F7E9B9 /* PhotoDetailViewController.swift in Sources */,
				9312A4E52293687400F7E9B9 /* LocketTabBarController.swift in Sources */,
				93544E402294A83300DA8B0A /* CG Helpers.swift in Sources */,
				937031342281E51800A930D8 /* OnThisDayViewController.swift in Sources */,
				9312A4DF229367A600F7E9B9 /* LocketNavigationController.swift in Sources */,
				937031322281E48C00A930D8 /* RootViewController.swift in Sources */,
			);
			runOnlyForDeploymentPostprocessing = 0;
		};
/* End PBXSourcesBuildPhase section */

/* Begin PBXVariantGroup section */
		937031282281E44C00A930D8 /* LaunchScreen.storyboard */ = {
			isa = PBXVariantGroup;
			children = (
				937031292281E44C00A930D8 /* Base */,
			);
			name = LaunchScreen.storyboard;
			sourceTree = "<group>";
		};
/* End PBXVariantGroup section */

/* Begin XCBuildConfiguration section */
		9370312C2281E44C00A930D8 /* Debug */ = {
			isa = XCBuildConfiguration;
			buildSettings = {
				ALWAYS_SEARCH_USER_PATHS = NO;
				CLANG_ANALYZER_NONNULL = YES;
				CLANG_ANALYZER_NUMBER_OBJECT_CONVERSION = YES_AGGRESSIVE;
				CLANG_CXX_LANGUAGE_STANDARD = "gnu++14";
				CLANG_CXX_LIBRARY = "libc++";
				CLANG_ENABLE_MODULES = YES;
				CLANG_ENABLE_OBJC_ARC = YES;
				CLANG_ENABLE_OBJC_WEAK = YES;
				CLANG_WARN_BLOCK_CAPTURE_AUTORELEASING = YES;
				CLANG_WARN_BOOL_CONVERSION = YES;
				CLANG_WARN_COMMA = YES;
				CLANG_WARN_CONSTANT_CONVERSION = YES;
				CLANG_WARN_DEPRECATED_OBJC_IMPLEMENTATIONS = YES;
				CLANG_WARN_DIRECT_OBJC_ISA_USAGE = YES_ERROR;
				CLANG_WARN_DOCUMENTATION_COMMENTS = YES;
				CLANG_WARN_EMPTY_BODY = YES;
				CLANG_WARN_ENUM_CONVERSION = YES;
				CLANG_WARN_INFINITE_RECURSION = YES;
				CLANG_WARN_INT_CONVERSION = YES;
				CLANG_WARN_NON_LITERAL_NULL_CONVERSION = YES;
				CLANG_WARN_OBJC_IMPLICIT_RETAIN_SELF = YES;
				CLANG_WARN_OBJC_LITERAL_CONVERSION = YES;
				CLANG_WARN_OBJC_ROOT_CLASS = YES_ERROR;
				CLANG_WARN_RANGE_LOOP_ANALYSIS = YES;
				CLANG_WARN_STRICT_PROTOTYPES = YES;
				CLANG_WARN_SUSPICIOUS_MOVE = YES;
				CLANG_WARN_UNGUARDED_AVAILABILITY = YES_AGGRESSIVE;
				CLANG_WARN_UNREACHABLE_CODE = YES;
				CLANG_WARN__DUPLICATE_METHOD_MATCH = YES;
				CODE_SIGN_IDENTITY = "iPhone Developer";
				COPY_PHASE_STRIP = NO;
				DEBUG_INFORMATION_FORMAT = dwarf;
				ENABLE_STRICT_OBJC_MSGSEND = YES;
				ENABLE_TESTABILITY = YES;
				GCC_C_LANGUAGE_STANDARD = gnu11;
				GCC_DYNAMIC_NO_PIC = NO;
				GCC_NO_COMMON_BLOCKS = YES;
				GCC_OPTIMIZATION_LEVEL = 0;
				GCC_PREPROCESSOR_DEFINITIONS = (
					"DEBUG=1",
					"$(inherited)",
				);
				GCC_WARN_64_TO_32_BIT_CONVERSION = YES;
				GCC_WARN_ABOUT_RETURN_TYPE = YES_ERROR;
				GCC_WARN_UNDECLARED_SELECTOR = YES;
				GCC_WARN_UNINITIALIZED_AUTOS = YES_AGGRESSIVE;
				GCC_WARN_UNUSED_FUNCTION = YES;
				GCC_WARN_UNUSED_VARIABLE = YES;
				IPHONEOS_DEPLOYMENT_TARGET = 12.2;
				MTL_ENABLE_DEBUG_INFO = INCLUDE_SOURCE;
				MTL_FAST_MATH = YES;
				ONLY_ACTIVE_ARCH = YES;
				SDKROOT = iphoneos;
				SWIFT_ACTIVE_COMPILATION_CONDITIONS = DEBUG;
				SWIFT_OPTIMIZATION_LEVEL = "-Onone";
			};
			name = Debug;
		};
		9370312D2281E44C00A930D8 /* Release */ = {
			isa = XCBuildConfiguration;
			buildSettings = {
				ALWAYS_SEARCH_USER_PATHS = NO;
				CLANG_ANALYZER_NONNULL = YES;
				CLANG_ANALYZER_NUMBER_OBJECT_CONVERSION = YES_AGGRESSIVE;
				CLANG_CXX_LANGUAGE_STANDARD = "gnu++14";
				CLANG_CXX_LIBRARY = "libc++";
				CLANG_ENABLE_MODULES = YES;
				CLANG_ENABLE_OBJC_ARC = YES;
				CLANG_ENABLE_OBJC_WEAK = YES;
				CLANG_WARN_BLOCK_CAPTURE_AUTORELEASING = YES;
				CLANG_WARN_BOOL_CONVERSION = YES;
				CLANG_WARN_COMMA = YES;
				CLANG_WARN_CONSTANT_CONVERSION = YES;
				CLANG_WARN_DEPRECATED_OBJC_IMPLEMENTATIONS = YES;
				CLANG_WARN_DIRECT_OBJC_ISA_USAGE = YES_ERROR;
				CLANG_WARN_DOCUMENTATION_COMMENTS = YES;
				CLANG_WARN_EMPTY_BODY = YES;
				CLANG_WARN_ENUM_CONVERSION = YES;
				CLANG_WARN_INFINITE_RECURSION = YES;
				CLANG_WARN_INT_CONVERSION = YES;
				CLANG_WARN_NON_LITERAL_NULL_CONVERSION = YES;
				CLANG_WARN_OBJC_IMPLICIT_RETAIN_SELF = YES;
				CLANG_WARN_OBJC_LITERAL_CONVERSION = YES;
				CLANG_WARN_OBJC_ROOT_CLASS = YES_ERROR;
				CLANG_WARN_RANGE_LOOP_ANALYSIS = YES;
				CLANG_WARN_STRICT_PROTOTYPES = YES;
				CLANG_WARN_SUSPICIOUS_MOVE = YES;
				CLANG_WARN_UNGUARDED_AVAILABILITY = YES_AGGRESSIVE;
				CLANG_WARN_UNREACHABLE_CODE = YES;
				CLANG_WARN__DUPLICATE_METHOD_MATCH = YES;
				CODE_SIGN_IDENTITY = "iPhone Developer";
				COPY_PHASE_STRIP = NO;
				DEBUG_INFORMATION_FORMAT = "dwarf-with-dsym";
				ENABLE_NS_ASSERTIONS = NO;
				ENABLE_STRICT_OBJC_MSGSEND = YES;
				GCC_C_LANGUAGE_STANDARD = gnu11;
				GCC_NO_COMMON_BLOCKS = YES;
				GCC_WARN_64_TO_32_BIT_CONVERSION = YES;
				GCC_WARN_ABOUT_RETURN_TYPE = YES_ERROR;
				GCC_WARN_UNDECLARED_SELECTOR = YES;
				GCC_WARN_UNINITIALIZED_AUTOS = YES_AGGRESSIVE;
				GCC_WARN_UNUSED_FUNCTION = YES;
				GCC_WARN_UNUSED_VARIABLE = YES;
				IPHONEOS_DEPLOYMENT_TARGET = 12.2;
				MTL_ENABLE_DEBUG_INFO = NO;
				MTL_FAST_MATH = YES;
				SDKROOT = iphoneos;
				SWIFT_COMPILATION_MODE = wholemodule;
				SWIFT_OPTIMIZATION_LEVEL = "-O";
				VALIDATE_PRODUCT = YES;
			};
			name = Release;
		};
		9370312F2281E44C00A930D8 /* Debug */ = {
			isa = XCBuildConfiguration;
			baseConfigurationReference = 04F567695FE130465F372EAC /* Pods-DevsignNavigationTransitions.debug.xcconfig */;
			buildSettings = {
				ASSETCATALOG_COMPILER_APPICON_NAME = AppIcon;
				CODE_SIGN_STYLE = Automatic;
				DEVELOPMENT_TEAM = ZJXE3GWY8P;
				INFOPLIST_FILE = DevsignNavigationTransitions/Info.plist;
				LD_RUNPATH_SEARCH_PATHS = (
					"$(inherited)",
					"@executable_path/Frameworks",
				);
				PRODUCT_BUNDLE_IDENTIFIER = co.devsign.DevsignNavigationTransitions;
				PRODUCT_NAME = "$(TARGET_NAME)";
				SWIFT_VERSION = 5.0;
				TARGETED_DEVICE_FAMILY = "1,2";
			};
			name = Debug;
		};
		937031302281E44C00A930D8 /* Release */ = {
			isa = XCBuildConfiguration;
			baseConfigurationReference = 7A711B2D966A519EAFF39B13 /* Pods-DevsignNavigationTransitions.release.xcconfig */;
			buildSettings = {
				ASSETCATALOG_COMPILER_APPICON_NAME = AppIcon;
				CODE_SIGN_STYLE = Automatic;
				DEVELOPMENT_TEAM = ZJXE3GWY8P;
				INFOPLIST_FILE = DevsignNavigationTransitions/Info.plist;
				LD_RUNPATH_SEARCH_PATHS = (
					"$(inherited)",
					"@executable_path/Frameworks",
				);
				PRODUCT_BUNDLE_IDENTIFIER = co.devsign.DevsignNavigationTransitions;
				PRODUCT_NAME = "$(TARGET_NAME)";
				SWIFT_VERSION = 5.0;
				TARGETED_DEVICE_FAMILY = "1,2";
			};
			name = Release;
		};
/* End XCBuildConfiguration section */

/* Begin XCConfigurationList section */
		937031172281E44B00A930D8 /* Build configuration list for PBXProject "DevsignNavigationTransitions" */ = {
			isa = XCConfigurationList;
			buildConfigurations = (
				9370312C2281E44C00A930D8 /* Debug */,
				9370312D2281E44C00A930D8 /* Release */,
			);
			defaultConfigurationIsVisible = 0;
			defaultConfigurationName = Release;
		};
		9370312E2281E44C00A930D8 /* Build configuration list for PBXNativeTarget "DevsignNavigationTransitions" */ = {
			isa = XCConfigurationList;
			buildConfigurations = (
				9370312F2281E44C00A930D8 /* Debug */,
				937031302281E44C00A930D8 /* Release */,
			);
			defaultConfigurationIsVisible = 0;
			defaultConfigurationName = Release;
		};
/* End XCConfigurationList section */
	};
	rootObject = 937031142281E44B00A930D8 /* Project object */;
}
